{
    "version": 3,
    "terraform_version": "0.9.4",
    "serial": 8,
    "lineage": "1eeb4578-37ac-4988-8af5-9e26a577b16c",
    "modules": [
        {
            "path": [
                "root"
            ],
            "outputs": {
                "address_lb": {
                    "sensitive": false,
                    "type": "string",
                    "value": "139.59.52.79"
                }
            },
            "resources": {
                "data.template_file.user_data1": {
                    "type": "template_file",
                    "depends_on": [],
                    "primary": {
                        "id": "6e2307b77da162bb969048bf3e7ba2d6a12dbc54c9a6bee948f9d75b352b2c43",
                        "attributes": {
                            "id": "6e2307b77da162bb969048bf3e7ba2d6a12dbc54c9a6bee948f9d75b352b2c43",
                            "rendered": "#!/bin/bash\n\napt-get update\napt-get install -y nginx\n\ncat \u003e /var/www/html/index.html \u003c\u003cEOF\n\u003ch1 style=\"color:blue\"\u003ewww-1\u003c/h1\u003e\nEOF",
                            "template": "#!/bin/bash\n\napt-get update\napt-get install -y nginx\n\ncat \u003e /var/www/html/index.html \u003c\u003cEOF\n\u003ch1 style=\"color:${server_legend}\"\u003e${server_name}\u003c/h1\u003e\nEOF",
                            "vars.%": "2",
                            "vars.server_legend": "blue",
                            "vars.server_name": "www-1"
                        },
                        "meta": {},
                        "tainted": false
                    },
                    "deposed": [],
                    "provider": ""
                },
                "data.template_file.user_data2": {
                    "type": "template_file",
                    "depends_on": [],
                    "primary": {
                        "id": "36b16688666da09f85e91c17d16e14c6865bac4931f4a542aa9eef4879555832",
                        "attributes": {
                            "id": "36b16688666da09f85e91c17d16e14c6865bac4931f4a542aa9eef4879555832",
                            "rendered": "#!/bin/bash\n\napt-get update\napt-get install -y nginx\n\ncat \u003e /var/www/html/index.html \u003c\u003cEOF\n\u003ch1 style=\"color:orange\"\u003ewww-2\u003c/h1\u003e\nEOF",
                            "template": "#!/bin/bash\n\napt-get update\napt-get install -y nginx\n\ncat \u003e /var/www/html/index.html \u003c\u003cEOF\n\u003ch1 style=\"color:${server_legend}\"\u003e${server_name}\u003c/h1\u003e\nEOF",
                            "vars.%": "2",
                            "vars.server_legend": "orange",
                            "vars.server_name": "www-2"
                        },
                        "meta": {},
                        "tainted": false
                    },
                    "deposed": [],
                    "provider": ""
                },
                "digitalocean_droplet.www-1": {
                    "type": "digitalocean_droplet",
                    "depends_on": [
                        "data.template_file.user_data1"
                    ],
                    "primary": {
                        "id": "48152046",
                        "attributes": {
                            "disk": "20",
                            "id": "48152046",
                            "image": "ubuntu-16-04-x64",
                            "ipv4_address": "139.59.78.69",
                            "ipv4_address_private": "10.139.16.58",
                            "locked": "false",
                            "name": "www-1",
                            "price_hourly": "0.00744",
                            "price_monthly": "5",
                            "private_networking": "true",
                            "region": "blr1",
                            "resize_disk": "true",
                            "size": "512mb",
                            "ssh_keys.#": "2",
                            "ssh_keys.0": "8293812",
                            "ssh_keys.1": "8301481",
                            "status": "active",
                            "tags.#": "0",
                            "user_data": "#!/bin/bash\n\napt-get update\napt-get install -y nginx\n\ncat \u003e /var/www/html/index.html \u003c\u003cEOF\n\u003ch1 style=\"color:blue\"\u003ewww-1\u003c/h1\u003e\nEOF",
                            "vcpus": "1"
                        },
                        "meta": {},
                        "tainted": false
                    },
                    "deposed": [],
                    "provider": ""
                },
                "digitalocean_droplet.www-2": {
                    "type": "digitalocean_droplet",
                    "depends_on": [
                        "data.template_file.user_data2"
                    ],
                    "primary": {
                        "id": "48152045",
                        "attributes": {
                            "disk": "20",
                            "id": "48152045",
                            "image": "ubuntu-16-04-x64",
                            "ipv4_address": "139.59.45.140",
                            "ipv4_address_private": "10.139.255.236",
                            "locked": "false",
                            "name": "www-2",
                            "price_hourly": "0.00744",
                            "price_monthly": "5",
                            "private_networking": "true",
                            "region": "blr1",
                            "resize_disk": "true",
                            "size": "512mb",
                            "ssh_keys.#": "2",
                            "ssh_keys.0": "8293812",
                            "ssh_keys.1": "8301481",
                            "status": "active",
                            "tags.#": "0",
                            "user_data": "#!/bin/bash\n\napt-get update\napt-get install -y nginx\n\ncat \u003e /var/www/html/index.html \u003c\u003cEOF\n\u003ch1 style=\"color:orange\"\u003ewww-2\u003c/h1\u003e\nEOF",
                            "vcpus": "1"
                        },
                        "meta": {},
                        "tainted": false
                    },
                    "deposed": [],
                    "provider": ""
                },
                "digitalocean_loadbalancer.public": {
                    "type": "digitalocean_loadbalancer",
                    "depends_on": [
                        "digitalocean_droplet.www-1",
                        "digitalocean_droplet.www-2"
                    ],
                    "primary": {
                        "id": "3f698c8c-1337-44df-beba-c7a340724cab",
                        "attributes": {
                            "algorithm": "round_robin",
                            "droplet_ids.#": "2",
                            "droplet_ids.0": "48152046",
                            "droplet_ids.1": "48152045",
                            "droplet_tag": "",
                            "forwarding_rule.#": "1",
                            "forwarding_rule.0.certificate_id": "",
                            "forwarding_rule.0.entry_port": "80",
                            "forwarding_rule.0.entry_protocol": "http",
                            "forwarding_rule.0.target_port": "80",
                            "forwarding_rule.0.target_protocol": "http",
                            "forwarding_rule.0.tls_passthrough": "false",
                            "healthcheck.#": "1",
                            "healthcheck.0.check_interval_seconds": "10",
                            "healthcheck.0.healthy_threshold": "5",
                            "healthcheck.0.path": "",
                            "healthcheck.0.port": "22",
                            "healthcheck.0.protocol": "tcp",
                            "healthcheck.0.response_timeout_seconds": "5",
                            "healthcheck.0.unhealthy_threshold": "3",
                            "id": "3f698c8c-1337-44df-beba-c7a340724cab",
                            "ip": "139.59.52.79",
                            "name": "loadbalancer",
                            "redirect_http_to_https": "false",
                            "region": "blr1",
                            "sticky_sessions.#": "1",
                            "sticky_sessions.0.cookie_name": "",
                            "sticky_sessions.0.cookie_ttl_seconds": "0",
                            "sticky_sessions.0.type": "none"
                        },
                        "meta": {},
                        "tainted": false
                    },
                    "deposed": [],
                    "provider": ""
                }
            },
            "depends_on": []
        }
    ]
}
